// !$*UTF8*$!
{
	archiveVersion = 1;
	classes = {
	};
	objectVersion = 48;
	objects = {

/* Begin PBXBuildFile section */
		161D6F82202CDB7300FB3126 /* Image+CoreDataClass.swift in Sources */ = {isa = PBXBuildFile; fileRef = 161D6F7A202CDB7300FB3126 /* Image+CoreDataClass.swift */; };
		161D6F83202CDB7300FB3126 /* Image+CoreDataProperties.swift in Sources */ = {isa = PBXBuildFile; fileRef = 161D6F7B202CDB7300FB3126 /* Image+CoreDataProperties.swift */; };
		161D6F84202CDB7300FB3126 /* ItemType+CoreDataClass.swift in Sources */ = {isa = PBXBuildFile; fileRef = 161D6F7C202CDB7300FB3126 /* ItemType+CoreDataClass.swift */; };
		161D6F85202CDB7300FB3126 /* ItemType+CoreDataProperties.swift in Sources */ = {isa = PBXBuildFile; fileRef = 161D6F7D202CDB7300FB3126 /* ItemType+CoreDataProperties.swift */; };
		161D6F86202CDB7300FB3126 /* Store+CoreDataClass.swift in Sources */ = {isa = PBXBuildFile; fileRef = 161D6F7E202CDB7300FB3126 /* Store+CoreDataClass.swift */; };
		161D6F87202CDB7300FB3126 /* Store+CoreDataProperties.swift in Sources */ = {isa = PBXBuildFile; fileRef = 161D6F7F202CDB7300FB3126 /* Store+CoreDataProperties.swift */; };
		161D6F88202CDB7300FB3126 /* Item+CoreDataClass.swift in Sources */ = {isa = PBXBuildFile; fileRef = 161D6F80202CDB7300FB3126 /* Item+CoreDataClass.swift */; };
		161D6F89202CDB7300FB3126 /* Item+CoreDataProperties.swift in Sources */ = {isa = PBXBuildFile; fileRef = 161D6F81202CDB7300FB3126 /* Item+CoreDataProperties.swift */; };
		1627425E202BD32A0079F704 /* AppDelegate.swift in Sources */ = {isa = PBXBuildFile; fileRef = 1627425D202BD32A0079F704 /* AppDelegate.swift */; };
		16274260202BD32A0079F704 /* ViewController.swift in Sources */ = {isa = PBXBuildFile; fileRef = 1627425F202BD32A0079F704 /* ViewController.swift */; };
		16274263202BD32A0079F704 /* Main.storyboard in Resources */ = {isa = PBXBuildFile; fileRef = 16274261202BD32A0079F704 /* Main.storyboard */; };
		16274266202BD32A0079F704 /* DreamLister.xcdatamodeld in Sources */ = {isa = PBXBuildFile; fileRef = 16274264202BD32A0079F704 /* DreamLister.xcdatamodeld */; };
		16274268202BD32A0079F704 /* Assets.xcassets in Resources */ = {isa = PBXBuildFile; fileRef = 16274267202BD32A0079F704 /* Assets.xcassets */; };
		1627426B202BD32A0079F704 /* LaunchScreen.storyboard in Resources */ = {isa = PBXBuildFile; fileRef = 16274269202BD32A0079F704 /* LaunchScreen.storyboard */; };
		16274276202BD32A0079F704 /* DreamListerTests.swift in Sources */ = {isa = PBXBuildFile; fileRef = 16274275202BD32A0079F704 /* DreamListerTests.swift */; };
		16274281202BD32B0079F704 /* DreamListerUITests.swift in Sources */ = {isa = PBXBuildFile; fileRef = 16274280202BD32B0079F704 /* DreamListerUITests.swift */; };
/* End PBXBuildFile section */

/* Begin PBXContainerItemProxy section */
		16274272202BD32A0079F704 /* PBXContainerItemProxy */ = {
			isa = PBXContainerItemProxy;
			containerPortal = 16274252202BD32A0079F704 /* Project object */;
			proxyType = 1;
			remoteGlobalIDString = 16274259202BD32A0079F704;
			remoteInfo = DreamLister;
		};
		1627427D202BD32B0079F704 /* PBXContainerItemProxy */ = {
			isa = PBXContainerItemProxy;
			containerPortal = 16274252202BD32A0079F704 /* Project object */;
			proxyType = 1;
			remoteGlobalIDString = 16274259202BD32A0079F704;
			remoteInfo = DreamLister;
		};
/* End PBXContainerItemProxy section */

/* Begin PBXFileReference section */
		161D6F7A202CDB7300FB3126 /* Image+CoreDataClass.swift */ = {isa = PBXFileReference; lastKnownFileType = sourcecode.swift; path = "Image+CoreDataClass.swift"; sourceTree = "<group>"; };
		161D6F7B202CDB7300FB3126 /* Image+CoreDataProperties.swift */ = {isa = PBXFileReference; lastKnownFileType = sourcecode.swift; path = "Image+CoreDataProperties.swift"; sourceTree = "<group>"; };
		161D6F7C202CDB7300FB3126 /* ItemType+CoreDataClass.swift */ = {isa = PBXFileReference; lastKnownFileType = sourcecode.swift; path = "ItemType+CoreDataClass.swift"; sourceTree = "<group>"; };
		161D6F7D202CDB7300FB3126 /* ItemType+CoreDataProperties.swift */ = {isa = PBXFileReference; lastKnownFileType = sourcecode.swift; path = "ItemType+CoreDataProperties.swift"; sourceTree = "<group>"; };
		161D6F7E202CDB7300FB3126 /* Store+CoreDataClass.swift */ = {isa = PBXFileReference; lastKnownFileType = sourcecode.swift; path = "Store+CoreDataClass.swift"; sourceTree = "<group>"; };
		161D6F7F202CDB7300FB3126 /* Store+CoreDataProperties.swift */ = {isa = PBXFileReference; lastKnownFileType = sourcecode.swift; path = "Store+CoreDataProperties.swift"; sourceTree = "<group>"; };
		161D6F80202CDB7300FB3126 /* Item+CoreDataClass.swift */ = {isa = PBXFileReference; lastKnownFileType = sourcecode.swift; path = "Item+CoreDataClass.swift"; sourceTree = "<group>"; };
		161D6F81202CDB7300FB3126 /* Item+CoreDataProperties.swift */ = {isa = PBXFileReference; lastKnownFileType = sourcecode.swift; path = "Item+CoreDataProperties.swift"; sourceTree = "<group>"; };
		1627425A202BD32A0079F704 /* DreamLister.app */ = {isa = PBXFileReference; explicitFileType = wrapper.application; includeInIndex = 0; path = DreamLister.app; sourceTree = BUILT_PRODUCTS_DIR; };
		1627425D202BD32A0079F704 /* AppDelegate.swift */ = {isa = PBXFileReference; lastKnownFileType = sourcecode.swift; path = AppDelegate.swift; sourceTree = "<group>"; };
		1627425F202BD32A0079F704 /* ViewController.swift */ = {isa = PBXFileReference; lastKnownFileType = sourcecode.swift; path = ViewController.swift; sourceTree = "<group>"; };
		16274262202BD32A0079F704 /* Base */ = {isa = PBXFileReference; lastKnownFileType = file.storyboard; name = Base; path = Base.lproj/Main.storyboard; sourceTree = "<group>"; };
		16274265202BD32A0079F704 /* DreamLister.xcdatamodel */ = {isa = PBXFileReference; lastKnownFileType = wrapper.xcdatamodel; path = DreamLister.xcdatamodel; sourceTree = "<group>"; };
		16274267202BD32A0079F704 /* Assets.xcassets */ = {isa = PBXFileReference; lastKnownFileType = folder.assetcatalog; path = Assets.xcassets; sourceTree = "<group>"; };
		1627426A202BD32A0079F704 /* Base */ = {isa = PBXFileReference; lastKnownFileType = file.storyboard; name = Base; path = Base.lproj/LaunchScreen.storyboard; sourceTree = "<group>"; };
		1627426C202BD32A0079F704 /* Info.plist */ = {isa = PBXFileReference; lastKnownFileType = text.plist.xml; path = Info.plist; sourceTree = "<group>"; };
		16274271202BD32A0079F704 /* DreamListerTests.xctest */ = {isa = PBXFileReference; explicitFileType = wrapper.cfbundle; includeInIndex = 0; path = DreamListerTests.xctest; sourceTree = BUILT_PRODUCTS_DIR; };
		16274275202BD32A0079F704 /* DreamListerTests.swift */ = {isa = PBXFileReference; lastKnownFileType = sourcecode.swift; path = DreamListerTests.swift; sourceTree = "<group>"; };
		16274277202BD32A0079F704 /* Info.plist */ = {isa = PBXFileReference; lastKnownFileType = text.plist.xml; path = Info.plist; sourceTree = "<group>"; };
		1627427C202BD32A0079F704 /* DreamListerUITests.xctest */ = {isa = PBXFileReference; explicitFileType = wrapper.cfbundle; includeInIndex = 0; path = DreamListerUITests.xctest; sourceTree = BUILT_PRODUCTS_DIR; };
		16274280202BD32B0079F704 /* DreamListerUITests.swift */ = {isa = PBXFileReference; lastKnownFileType = sourcecode.swift; path = DreamListerUITests.swift; sourceTree = "<group>"; };
		16274282202BD32B0079F704 /* Info.plist */ = {isa = PBXFileReference; lastKnownFileType = text.plist.xml; path = Info.plist; sourceTree = "<group>"; };
/* End PBXFileReference section */

/* Begin PBXFrameworksBuildPhase section */
		16274257202BD32A0079F704 /* Frameworks */ = {
			isa = PBXFrameworksBuildPhase;
			buildActionMask = 2147483647;
			files = (
			);
			runOnlyForDeploymentPostprocessing = 0;
		};
		1627426E202BD32A0079F704 /* Frameworks */ = {
			isa = PBXFrameworksBuildPhase;
			buildActionMask = 2147483647;
			files = (
			);
			runOnlyForDeploymentPostprocessing = 0;
		};
		16274279202BD32A0079F704 /* Frameworks */ = {
			isa = PBXFrameworksBuildPhase;
			buildActionMask = 2147483647;
			files = (
			);
			runOnlyForDeploymentPostprocessing = 0;
		};
/* End PBXFrameworksBuildPhase section */

/* Begin PBXGroup section */
		161D6F78202CDB3F00FB3126 /* Generated */ = {
			isa = PBXGroup;
			children = (
				161D6F7B202CDB7300FB3126 /* Image+CoreDataProperties.swift */,
				161D6F7D202CDB7300FB3126 /* ItemType+CoreDataProperties.swift */,
				161D6F7F202CDB7300FB3126 /* Store+CoreDataProperties.swift */,
				161D6F81202CDB7300FB3126 /* Item+CoreDataProperties.swift */,
			);
			path = Generated;
			sourceTree = "<group>";
		};
		161D6F79202CDB5700FB3126 /* Model */ = {
			isa = PBXGroup;
			children = (
				161D6F7A202CDB7300FB3126 /* Image+CoreDataClass.swift */,
				161D6F7C202CDB7300FB3126 /* ItemType+CoreDataClass.swift */,
				161D6F7E202CDB7300FB3126 /* Store+CoreDataClass.swift */,
				161D6F80202CDB7300FB3126 /* Item+CoreDataClass.swift */,
			);
			path = Model;
			sourceTree = "<group>";
		};
		16274251202BD32A0079F704 = {
			isa = PBXGroup;
			children = (
				1627425C202BD32A0079F704 /* DreamLister */,
				16274274202BD32A0079F704 /* DreamListerTests */,
				1627427F202BD32B0079F704 /* DreamListerUITests */,
				1627425B202BD32A0079F704 /* Products */,
			);
			sourceTree = "<group>";
		};
		1627425B202BD32A0079F704 /* Products */ = {
			isa = PBXGroup;
			children = (
				1627425A202BD32A0079F704 /* DreamLister.app */,
				16274271202BD32A0079F704 /* DreamListerTests.xctest */,
				1627427C202BD32A0079F704 /* DreamListerUITests.xctest */,
			);
			name = Products;
			sourceTree = "<group>";
		};
		1627425C202BD32A0079F704 /* DreamLister */ = {
			isa = PBXGroup;
			children = (
				161D6F79202CDB5700FB3126 /* Model */,
				161D6F78202CDB3F00FB3126 /* Generated */,
				1627425D202BD32A0079F704 /* AppDelegate.swift */,
				1627425F202BD32A0079F704 /* ViewController.swift */,
				16274261202BD32A0079F704 /* Main.storyboard */,
				16274267202BD32A0079F704 /* Assets.xcassets */,
				16274269202BD32A0079F704 /* LaunchScreen.storyboard */,
				1627426C202BD32A0079F704 /* Info.plist */,
				16274264202BD32A0079F704 /* DreamLister.xcdatamodeld */,
			);
			path = DreamLister;
			sourceTree = "<group>";
		};
		16274274202BD32A0079F704 /* DreamListerTests */ = {
			isa = PBXGroup;
			children = (
				16274275202BD32A0079F704 /* DreamListerTests.swift */,
				16274277202BD32A0079F704 /* Info.plist */,
			);
			path = DreamListerTests;
			sourceTree = "<group>";
		};
		1627427F202BD32B0079F704 /* DreamListerUITests */ = {
			isa = PBXGroup;
			children = (
				16274280202BD32B0079F704 /* DreamListerUITests.swift */,
				16274282202BD32B0079F704 /* Info.plist */,
			);
			path = DreamListerUITests;
			sourceTree = "<group>";
		};
/* End PBXGroup section */

/* Begin PBXNativeTarget section */
		16274259202BD32A0079F704 /* DreamLister */ = {
			isa = PBXNativeTarget;
			buildConfigurationList = 16274285202BD32B0079F704 /* Build configuration list for PBXNativeTarget "DreamLister" */;
			buildPhases = (
				16274256202BD32A0079F704 /* Sources */,
				16274257202BD32A0079F704 /* Frameworks */,
				16274258202BD32A0079F704 /* Resources */,
			);
			buildRules = (
			);
			dependencies = (
			);
			name = DreamLister;
			productName = DreamLister;
			productReference = 1627425A202BD32A0079F704 /* DreamLister.app */;
			productType = "com.apple.product-type.application";
		};
		16274270202BD32A0079F704 /* DreamListerTests */ = {
			isa = PBXNativeTarget;
			buildConfigurationList = 16274288202BD32B0079F704 /* Build configuration list for PBXNativeTarget "DreamListerTests" */;
			buildPhases = (
				1627426D202BD32A0079F704 /* Sources */,
				1627426E202BD32A0079F704 /* Frameworks */,
				1627426F202BD32A0079F704 /* Resources */,
			);
			buildRules = (
			);
			dependencies = (
				16274273202BD32A0079F704 /* PBXTargetDependency */,
			);
			name = DreamListerTests;
			productName = DreamListerTests;
			productReference = 16274271202BD32A0079F704 /* DreamListerTests.xctest */;
			productType = "com.apple.product-type.bundle.unit-test";
		};
		1627427B202BD32A0079F704 /* DreamListerUITests */ = {
			isa = PBXNativeTarget;
			buildConfigurationList = 1627428B202BD32B0079F704 /* Build configuration list for PBXNativeTarget "DreamListerUITests" */;
			buildPhases = (
				16274278202BD32A0079F704 /* Sources */,
				16274279202BD32A0079F704 /* Frameworks */,
				1627427A202BD32A0079F704 /* Resources */,
			);
			buildRules = (
			);
			dependencies = (
				1627427E202BD32B0079F704 /* PBXTargetDependency */,
			);
			name = DreamListerUITests;
			productName = DreamListerUITests;
			productReference = 1627427C202BD32A0079F704 /* DreamListerUITests.xctest */;
			productType = "com.apple.product-type.bundle.ui-testing";
		};
/* End PBXNativeTarget section */

/* Begin PBXProject section */
		16274252202BD32A0079F704 /* Project object */ = {
			isa = PBXProject;
			attributes = {
				LastSwiftUpdateCheck = 0910;
				LastUpgradeCheck = 0910;
				ORGANIZATIONNAME = sayedAbdo;
				TargetAttributes = {
					16274259202BD32A0079F704 = {
						CreatedOnToolsVersion = 9.1;
						ProvisioningStyle = Automatic;
					};
					16274270202BD32A0079F704 = {
						CreatedOnToolsVersion = 9.1;
						ProvisioningStyle = Automatic;
						TestTargetID = 16274259202BD32A0079F704;
					};
					1627427B202BD32A0079F704 = {
						CreatedOnToolsVersion = 9.1;
						ProvisioningStyle = Automatic;
						TestTargetID = 16274259202BD32A0079F704;
					};
				};
			};
			buildConfigurationList = 16274255202BD32A0079F704 /* Build configuration list for PBXProject "DreamLister" */;
			compatibilityVersion = "Xcode 8.0";
			developmentRegion = en;
			hasScannedForEncodings = 0;
			knownRegions = (
				en,
				Base,
			);
			mainGroup = 16274251202BD32A0079F704;
			productRefGroup = 1627425B202BD32A0079F704 /* Products */;
			projectDirPath = "";
			projectRoot = "";
			targets = (
				16274259202BD32A0079F704 /* DreamLister */,
				16274270202BD32A0079F704 /* DreamListerTests */,
				1627427B202BD32A0079F704 /* DreamListerUITests */,
			);
		};
/* End PBXProject section */

/* Begin PBXResourcesBuildPhase section */
		16274258202BD32A0079F704 /* Resources */ = {
			isa = PBXResourcesBuildPhase;
			buildActionMask = 2147483647;
			files = (
				1627426B202BD32A0079F704 /* LaunchScreen.storyboard in Resources */,
				16274268202BD32A0079F704 /* Assets.xcassets in Resources */,
				16274263202BD32A0079F704 /* Main.storyboard in Resources */,
			);
			runOnlyForDeploymentPostprocessing = 0;
		};
		1627426F202BD32A0079F704 /* Resources */ = {
			isa = PBXResourcesBuildPhase;
			buildActionMask = 2147483647;
			files = (
			);
			runOnlyForDeploymentPostprocessing = 0;
		};
		1627427A202BD32A0079F704 /* Resources */ = {
			isa = PBXResourcesBuildPhase;
			buildActionMask = 2147483647;
			files = (
			);
			runOnlyForDeploymentPostprocessing = 0;
		};
/* End PBXResourcesBuildPhase section */

/* Begin PBXSourcesBuildPhase section */
		16274256202BD32A0079F704 /* Sources */ = {
			isa = PBXSourcesBuildPhase;
			buildActionMask = 2147483647;
			files = (
				161D6F88202CDB7300FB3126 /* Item+CoreDataClass.swift in Sources */,
				161D6F84202CDB7300FB3126 /* ItemType+CoreDataClass.swift in Sources */,
				16274260202BD32A0079F704 /* ViewController.swift in Sources */,
				161D6F83202CDB7300FB3126 /* Image+CoreDataProperties.swift in Sources */,
				1627425E202BD32A0079F704 /* AppDelegate.swift in Sources */,
				161D6F87202CDB7300FB3126 /* Store+CoreDataProperties.swift in Sources */,
				16274266202BD32A0079F704 /* DreamLister.xcdatamodeld in Sources */,
				161D6F86202CDB7300FB3126 /* Store+CoreDataClass.swift in Sources */,
				161D6F85202CDB7300FB3126 /* ItemType+CoreDataProperties.swift in Sources */,
				161D6F89202CDB7300FB3126 /* Item+CoreDataProperties.swift in Sources */,
				161D6F82202CDB7300FB3126 /* Image+CoreDataClass.swift in Sources */,
			);
			runOnlyForDeploymentPostprocessing = 0;
		};
		1627426D202BD32A0079F704 /* Sources */ = {
			isa = PBXSourcesBuildPhase;
			buildActionMask = 2147483647;
			files = (
				16274276202BD32A0079F704 /* DreamListerTests.swift in Sources */,
			);
			runOnlyForDeploymentPostprocessing = 0;
		};
		16274278202BD32A0079F704 /* Sources */ = {
			isa = PBXSourcesBuildPhase;
			buildActionMask = 2147483647;
			files = (
				16274281202BD32B0079F704 /* DreamListerUITests.swift in Sources */,
			);
			runOnlyForDeploymentPostprocessing = 0;
		};
/* End PBXSourcesBuildPhase section */

/* Begin PBXTargetDependency section */
		16274273202BD32A0079F704 /* PBXTargetDependency */ = {
			isa = PBXTargetDependency;
			target = 16274259202BD32A0079F704 /* DreamLister */;
			targetProxy = 16274272202BD32A0079F704 /* PBXContainerItemProxy */;
		};
		1627427E202BD32B0079F704 /* PBXTargetDependency */ = {
			isa = PBXTargetDependency;
			target = 16274259202BD32A0079F704 /* DreamLister */;
			targetProxy = 1627427D202BD32B0079F704 /* PBXContainerItemProxy */;
		};
/* End PBXTargetDependency section */

/* Begin PBXVariantGroup section */
		16274261202BD32A0079F704 /* Main.storyboard */ = {
			isa = PBXVariantGroup;
			children = (
				16274262202BD32A0079F704 /* Base */,
			);
			name = Main.storyboard;
			sourceTree = "<group>";
		};
		16274269202BD32A0079F704 /* LaunchScreen.storyboard */ = {
			isa = PBXVariantGroup;
			children = (
				1627426A202BD32A0079F704 /* Base */,
			);
			name = LaunchScreen.storyboard;
			sourceTree = "<group>";
		};
/* End PBXVariantGroup section */

/* Begin XCBuildConfiguration section */
		16274283202BD32B0079F704 /* Debug */ = {
			isa = XCBuildConfiguration;
			buildSettings = {
				ALWAYS_SEARCH_USER_PATHS = NO;
				CLANG_ANALYZER_NONNULL = YES;
				CLANG_ANALYZER_NUMBER_OBJECT_CONVERSION = YES_AGGRESSIVE;
				CLANG_CXX_LANGUAGE_STANDARD = "gnu++14";
				CLANG_CXX_LIBRARY = "libc++";
				CLANG_ENABLE_MODULES = YES;
				CLANG_ENABLE_OBJC_ARC = YES;
				CLANG_WARN_BLOCK_CAPTURE_AUTORELEASING = YES;
				CLANG_WARN_BOOL_CONVERSION = YES;
				CLANG_WARN_COMMA = YES;
				CLANG_WARN_CONSTANT_CONVERSION = YES;
				CLANG_WARN_DIRECT_OBJC_ISA_USAGE = YES_ERROR;
				CLANG_WARN_DOCUMENTATION_COMMENTS = YES;
				CLANG_WARN_EMPTY_BODY = YES;
				CLANG_WARN_ENUM_CONVERSION = YES;
				CLANG_WARN_INFINITE_RECURSION = YES;
				CLANG_WARN_INT_CONVERSION = YES;
				CLANG_WARN_NON_LITERAL_NULL_CONVERSION = YES;
				CLANG_WARN_OBJC_LITERAL_CONVERSION = YES;
				CLANG_WARN_OBJC_ROOT_CLASS = YES_ERROR;
				CLANG_WARN_RANGE_LOOP_ANALYSIS = YES;
				CLANG_WARN_STRICT_PROTOTYPES = YES;
				CLANG_WARN_SUSPICIOUS_MOVE = YES;
				CLANG_WARN_UNGUARDED_AVAILABILITY = YES_AGGRESSIVE;
				CLANG_WARN_UNREACHABLE_CODE = YES;
				CLANG_WARN__DUPLICATE_METHOD_MATCH = YES;
				CODE_SIGN_IDENTITY = "iPhone Developer";
				COPY_PHASE_STRIP = NO;
				DEBUG_INFORMATION_FORMAT = dwarf;
				ENABLE_STRICT_OBJC_MSGSEND = YES;
				ENABLE_TESTABILITY = YES;
				GCC_C_LANGUAGE_STANDARD = gnu11;
				GCC_DYNAMIC_NO_PIC = NO;
				GCC_NO_COMMON_BLOCKS = YES;
				GCC_OPTIMIZATION_LEVEL = 0;
				GCC_PREPROCESSOR_DEFINITIONS = (
					"DEBUG=1",
					"$(inherited)",
				);
				GCC_WARN_64_TO_32_BIT_CONVERSION = YES;
				GCC_WARN_ABOUT_RETURN_TYPE = YES_ERROR;
				GCC_WARN_UNDECLARED_SELECTOR = YES;
				GCC_WARN_UNINITIALIZED_AUTOS = YES_AGGRESSIVE;
				GCC_WARN_UNUSED_FUNCTION = YES;
				GCC_WARN_UNUSED_VARIABLE = YES;
				IPHONEOS_DEPLOYMENT_TARGET = 11.1;
				MTL_ENABLE_DEBUG_INFO = YES;
				ONLY_ACTIVE_ARCH = YES;
				SDKROOT = iphoneos;
				SWIFT_ACTIVE_COMPILATION_CONDITIONS = DEBUG;
				SWIFT_OPTIMIZATION_LEVEL = "-Onone";
			};
			name = Debug;
		};
		16274284202BD32B0079F704 /* Release */ = {
			isa = XCBuildConfiguration;
			buildSettings = {
				ALWAYS_SEARCH_USER_PATHS = NO;
				CLANG_ANALYZER_NONNULL = YES;
				CLANG_ANALYZER_NUMBER_OBJECT_CONVERSION = YES_AGGRESSIVE;
				CLANG_CXX_LANGUAGE_STANDARD = "gnu++14";
				CLANG_CXX_LIBRARY = "libc++";
				CLANG_ENABLE_MODULES = YES;
				CLANG_ENABLE_OBJC_ARC = YES;
				CLANG_WARN_BLOCK_CAPTURE_AUTORELEASING = YES;
				CLANG_WARN_BOOL_CONVERSION = YES;
				CLANG_WARN_COMMA = YES;
				CLANG_WARN_CONSTANT_CONVERSION = YES;
				CLANG_WARN_DIRECT_OBJC_ISA_USAGE = YES_ERROR;
				CLANG_WARN_DOCUMENTATION_COMMENTS = YES;
				CLANG_WARN_EMPTY_BODY = YES;
				CLANG_WARN_ENUM_CONVERSION = YES;
				CLANG_WARN_INFINITE_RECURSION = YES;
				CLANG_WARN_INT_CONVERSION = YES;
				CLANG_WARN_NON_LITERAL_NULL_CONVERSION = YES;
				CLANG_WARN_OBJC_LITERAL_CONVERSION = YES;
				CLANG_WARN_OBJC_ROOT_CLASS = YES_ERROR;
				CLANG_WARN_RANGE_LOOP_ANALYSIS = YES;
				CLANG_WARN_STRICT_PROTOTYPES = YES;
				CLANG_WARN_SUSPICIOUS_MOVE = YES;
				CLANG_WARN_UNGUARDED_AVAILABILITY = YES_AGGRESSIVE;
				CLANG_WARN_UNREACHABLE_CODE = YES;
				CLANG_WARN__DUPLICATE_METHOD_MATCH = YES;
				CODE_SIGN_IDENTITY = "iPhone Developer";
				COPY_PHASE_STRIP = NO;
				DEBUG_INFORMATION_FORMAT = "dwarf-with-dsym";
				ENABLE_NS_ASSERTIONS = NO;
				ENABLE_STRICT_OBJC_MSGSEND = YES;
				GCC_C_LANGUAGE_STANDARD = gnu11;
				GCC_NO_COMMON_BLOCKS = YES;
				GCC_WARN_64_TO_32_BIT_CONVERSION = YES;
				GCC_WARN_ABOUT_RETURN_TYPE = YES_ERROR;
				GCC_WARN_UNDECLARED_SELECTOR = YES;
				GCC_WARN_UNINITIALIZED_AUTOS = YES_AGGRESSIVE;
				GCC_WARN_UNUSED_FUNCTION = YES;
				GCC_WARN_UNUSED_VARIABLE = YES;
				IPHONEOS_DEPLOYMENT_TARGET = 11.1;
				MTL_ENABLE_DEBUG_INFO = NO;
				SDKROOT = iphoneos;
				SWIFT_OPTIMIZATION_LEVEL = "-Owholemodule";
				VALIDATE_PRODUCT = YES;
			};
			name = Release;
		};
		16274286202BD32B0079F704 /* Debug */ = {
			isa = XCBuildConfiguration;
			buildSettings = {
				ASSETCATALOG_COMPILER_APPICON_NAME = AppIcon;
				CODE_SIGN_STYLE = Automatic;
				INFOPLIST_FILE = DreamLister/Info.plist;
				LD_RUNPATH_SEARCH_PATHS = "$(inherited) @executable_path/Frameworks";
				PRODUCT_BUNDLE_IDENTIFIER = Sayed.abdo.DreamLister;
				PRODUCT_NAME = "$(TARGET_NAME)";
				SWIFT_VERSION = 4.0;
				TARGETED_DEVICE_FAMILY = "1,2";
			};
			name = Debug;
		};
		16274287202BD32B0079F704 /* Release */ = {
			isa = XCBuildConfiguration;
			buildSettings = {
				ASSETCATALOG_COMPILER_APPICON_NAME = AppIcon;
				CODE_SIGN_STYLE = Automatic;
				INFOPLIST_FILE = DreamLister/Info.plist;
				LD_RUNPATH_SEARCH_PATHS = "$(inherited) @executable_path/Frameworks";
				PRODUCT_BUNDLE_IDENTIFIER = Sayed.abdo.DreamLister;
				PRODUCT_NAME = "$(TARGET_NAME)";
				SWIFT_VERSION = 4.0;
				TARGETED_DEVICE_FAMILY = "1,2";
			};
			name = Release;
		};
		16274289202BD32B0079F704 /* Debug */ = {
			isa = XCBuildConfiguration;
			buildSettings = {
				ALWAYS_EMBED_SWIFT_STANDARD_LIBRARIES = YES;
				BUNDLE_LOADER = "$(TEST_HOST)";
				CODE_SIGN_STYLE = Automatic;
				INFOPLIST_FILE = DreamListerTests/Info.plist;
				LD_RUNPATH_SEARCH_PATHS = "$(inherited) @executable_path/Frameworks @loader_path/Frameworks";
				PRODUCT_BUNDLE_IDENTIFIER = Sayed.abdo.DreamListerTests;
				PRODUCT_NAME = "$(TARGET_NAME)";
				SWIFT_VERSION = 4.0;
				TARGETED_DEVICE_FAMILY = "1,2";
				TEST_HOST = "$(BUILT_PRODUCTS_DIR)/DreamLister.app/DreamLister";
			};
			name = Debug;
		};
		1627428A202BD32B0079F704 /* Release */ = {
			isa = XCBuildConfiguration;
			buildSettings = {
				ALWAYS_EMBED_SWIFT_STANDARD_LIBRARIES = YES;
				BUNDLE_LOADER = "$(TEST_HOST)";
				CODE_SIGN_STYLE = Automatic;
				INFOPLIST_FILE = DreamListerTests/Info.plist;
				LD_RUNPATH_SEARCH_PATHS = "$(inherited) @executable_path/Frameworks @loader_path/Frameworks";
				PRODUCT_BUNDLE_IDENTIFIER = Sayed.abdo.DreamListerTests;
				PRODUCT_NAME = "$(TARGET_NAME)";
				SWIFT_VERSION = 4.0;
				TARGETED_DEVICE_FAMILY = "1,2";
				TEST_HOST = "$(BUILT_PRODUCTS_DIR)/DreamLister.app/DreamLister";
			};
			name = Release;
		};
		1627428C202BD32B0079F704 /* Debug */ = {
			isa = XCBuildConfiguration;
			buildSettings = {
				ALWAYS_EMBED_SWIFT_STANDARD_LIBRARIES = YES;
				CODE_SIGN_STYLE = Automatic;
				INFOPLIST_FILE = DreamListerUITests/Info.plist;
				LD_RUNPATH_SEARCH_PATHS = "$(inherited) @executable_path/Frameworks @loader_path/Frameworks";
				PRODUCT_BUNDLE_IDENTIFIER = Sayed.abdo.DreamListerUITests;
				PRODUCT_NAME = "$(TARGET_NAME)";
				SWIFT_VERSION = 4.0;
				TARGETED_DEVICE_FAMILY = "1,2";
				TEST_TARGET_NAME = DreamLister;
			};
			name = Debug;
		};
		1627428D202BD32B0079F704 /* Release */ = {
			isa = XCBuildConfiguration;
			buildSettings = {
				ALWAYS_EMBED_SWIFT_STANDARD_LIBRARIES = YES;
				CODE_SIGN_STYLE = Automatic;
				INFOPLIST_FILE = DreamListerUITests/Info.plist;
				LD_RUNPATH_SEARCH_PATHS = "$(inherited) @executable_path/Frameworks @loader_path/Frameworks";
				PRODUCT_BUNDLE_IDENTIFIER = Sayed.abdo.DreamListerUITests;
				PRODUCT_NAME = "$(TARGET_NAME)";
				SWIFT_VERSION = 4.0;
				TARGETED_DEVICE_FAMILY = "1,2";
				TEST_TARGET_NAME = DreamLister;
			};
			name = Release;
		};
/* End XCBuildConfiguration section */

/* Begin XCConfigurationList section */
		16274255202BD32A0079F704 /* Build configuration list for PBXProject "DreamLister" */ = {
			isa = XCConfigurationList;
			buildConfigurations = (
				16274283202BD32B0079F704 /* Debug */,
				16274284202BD32B0079F704 /* Release */,
			);
			defaultConfigurationIsVisible = 0;
			defaultConfigurationName = Release;
		};
		16274285202BD32B0079F704 /* Build configuration list for PBXNativeTarget "DreamLister" */ = {
			isa = XCConfigurationList;
			buildConfigurations = (
				16274286202BD32B0079F704 /* Debug */,
				16274287202BD32B0079F704 /* Release */,
			);
			defaultConfigurationIsVisible = 0;
			defaultConfigurationName = Release;
		};
		16274288202BD32B0079F704 /* Build configuration list for PBXNativeTarget "DreamListerTests" */ = {
			isa = XCConfigurationList;
			buildConfigurations = (
				16274289202BD32B0079F704 /* Debug */,
				1627428A202BD32B0079F704 /* Release */,
			);
			defaultConfigurationIsVisible = 0;
			defaultConfigurationName = Release;
		};
		1627428B202BD32B0079F704 /* Build configuration list for PBXNativeTarget "DreamListerUITests" */ = {
			isa = XCConfigurationList;
			buildConfigurations = (
				1627428C202BD32B0079F704 /* Debug */,
				1627428D202BD32B0079F704 /* Release */,
			);
			defaultConfigurationIsVisible = 0;
			defaultConfigurationName = Release;
		};
/* End XCConfigurationList section */

/* Begin XCVersionGroup section */
		16274264202BD32A0079F704 /* DreamLister.xcdatamodeld */ = {
			isa = XCVersionGroup;
			children = (
				16274265202BD32A0079F704 /* DreamLister.xcdatamodel */,
			);
			currentVersion = 16274265202BD32A0079F704 /* DreamLister.xcdatamodel */;
			path = DreamLister.xcdatamodeld;
			sourceTree = "<group>";
			versionGroupType = wrapper.xcdatamodel;
		};
/* End XCVersionGroup section */
	};
	rootObject = 16274252202BD32A0079F704 /* Project object */;
}
